
Microsoft Visual Studio Solution File, Format Version 12.00
# Visual Studio Version 17
VisualStudioVersion = 17.5.33516.290
MinimumVisualStudioVersion = 10.0.40219.1
Project("{9A19103F-16F7-4668-BE54-9A1E7A4F7556}") = "WaliulOnlineShop", "WaliulOnlineShop.csproj", "{1BBE99D2-C5AE-4427-B729-E8BA645EFF6B}"
EndProject
Project("{2150E333-8FDC-42A3-9474-1A3956D46DE8}") = "Solution Items", "Solution Items", "{6AAE7E1B-5845-43C8-BFCF-CAC63AE61112}"
	ProjectSection(SolutionItems) = preProject
		.editorconfig = .editorconfig
	EndProjectSection
EndProject
Global
	GlobalSection(SolutionConfigurationPlatforms) = preSolution
		Debug|Any CPU = Debug|Any CPU
		Release|Any CPU = Release|Any CPU
	EndGlobalSection
	GlobalSection(ProjectConfigurationPlatforms) = postSolution
		{1BBE99D2-C5AE-4427-B729-E8BA645EFF6B}.Debug|Any CPU.ActiveCfg = Debug|Any CPU
		{1BBE99D2-C5AE-4427-B729-E8BA645EFF6B}.Debug|Any CPU.Build.0 = Debug|Any CPU
		{1BBE99D2-C5AE-4427-B729-E8BA645EFF6B}.Release|Any CPU.ActiveCfg = Release|Any CPU
		{1BBE99D2-C5AE-4427-B729-E8BA645EFF6B}.Release|Any CPU.Build.0 = Release|Any CPU
	EndGlobalSection
	GlobalSection(SolutionProperties) = preSolution
		HideSolutionNode = FALSE
	EndGlobalSection
	GlobalSection(ExtensibilityGlobals) = postSolution
		SolutionGuid = {A718F8A8-C787-4D97-8BF6-9A561B3B31FB}
	EndGlobalSection
EndGlobal
